
Microsoft Visual Studio Solution File, Format Version 12.00
# Visual Studio Version 16
VisualStudioVersion = 16.0.810.9
MinimumVisualStudioVersion = 10.0.40219.1
Project("{FAE04EC0-301F-11D3-BF4B-00C04F79EFBC}") = "ATM", "ATM\ATM.csproj", "{F7F2DB92-5CC4-4A9C-B7B0-45BC0D6C90BB}"
EndProject
Global
	GlobalSection(SolutionConfigurationPlatforms) = preSolution
		Debug|Any CPU = Debug|Any CPU
		Release|Any CPU = Release|Any CPU
	EndGlobalSection
	GlobalSection(ProjectConfigurationPlatforms) = postSolution
		{F7F2DB92-5CC4-4A9C-B7B0-45BC0D6C90BB}.Debug|Any CPU.ActiveCfg = Debug|Any CPU
		{F7F2DB92-5CC4-4A9C-B7B0-45BC0D6C90BB}.Debug|Any CPU.Build.0 = Debug|Any CPU
		{F7F2DB92-5CC4-4A9C-B7B0-45BC0D6C90BB}.Release|Any CPU.ActiveCfg = Release|Any CPU
		{F7F2DB92-5CC4-4A9C-B7B0-45BC0D6C90BB}.Release|Any CPU.Build.0 = Release|Any CPU
	EndGlobalSection
	GlobalSection(SolutionProperties) = preSolution
		HideSolutionNode = FALSE
	EndGlobalSection
	GlobalSection(ExtensibilityGlobals) = postSolution
		SolutionGuid = {ED531236-9D09-4D4A-909D-1E613A269594}
	EndGlobalSection
EndGlobal
